
Microsoft Visual Studio Solution File, Format Version 12.00
# Visual Studio 15
Project("{FAE04EC0-301F-11D3-BF4B-00C04F79EFBC}") = "webshop-api", "webshop-api\webshop-api.csproj", "{BA36B341-5961-40A8-B8F9-770838A699DE}"
EndProject
Global
	GlobalSection(SolutionConfigurationPlatforms) = preSolution
		Debug|Any CPU = Debug|Any CPU
		Release|Any CPU = Release|Any CPU
	EndGlobalSection
	GlobalSection(ProjectConfigurationPlatforms) = postSolution
		{BA36B341-5961-40A8-B8F9-770838A699DE}.Debug|Any CPU.ActiveCfg = Debug|Any CPU
		{BA36B341-5961-40A8-B8F9-770838A699DE}.Debug|Any CPU.Build.0 = Debug|Any CPU
		{BA36B341-5961-40A8-B8F9-770838A699DE}.Release|Any CPU.ActiveCfg = Release|Any CPU
		{BA36B341-5961-40A8-B8F9-770838A699DE}.Release|Any CPU.Build.0 = Release|Any CPU
	EndGlobalSection
EndGlobal
